{
  "name": "demo-big-changes-code",
  "lockfileVersion": 2,
  "requires": true,
  "packages": {
    "": {
      "dependencies": {
        "git-scripts": "^0.6.4"
      }
    },
    "node_modules/commander": {
      "version": "2.6.0",
      "resolved": "https://registry.npmjs.org/commander/-/commander-2.6.0.tgz",
      "integrity": "sha512-PhbTMT+ilDXZKqH8xbvuUY2ZEQNef0Q7DKxgoEKb4ccytsdvVVJmYqR0sGbi96nxU6oGrwEIQnclpK2NBZuQlg==",
      "engines": {
        "node": ">= 0.6.x"
      }
    },
    "node_modules/git-scripts": {
      "version": "0.6.4",
      "resolved": "https://registry.npmjs.org/git-scripts/-/git-scripts-0.6.4.tgz",
      "integrity": "sha512-WON2sCnnmqs01crLErDZFTBvKoy4vojRUrJnXOx6mAbSNAinU1eKvAmFlsNtZNv0VArbYMFX2y+wXaWEaHohdg==",
      "hasInstallScript": true,
      "dependencies": {
        "commander": "2.6.0"
      },
      "bin": {
        "git-scripts": "bin/git-scripts"
      }
    }
  },
  "dependencies": {
    "commander": {
      "version": "2.6.0",
      "resolved": "https://registry.npmjs.org/commander/-/commander-2.6.0.tgz",
      "integrity": "sha512-PhbTMT+ilDXZKqH8xbvuUY2ZEQNef0Q7DKxgoEKb4ccytsdvVVJmYqR0sGbi96nxU6oGrwEIQnclpK2NBZuQlg=="
    },
    "git-scripts": {
      "version": "0.6.4",
      "resolved": "https://registry.npmjs.org/git-scripts/-/git-scripts-0.6.4.tgz",
      "integrity": "sha512-WON2sCnnmqs01crLErDZFTBvKoy4vojRUrJnXOx6mAbSNAinU1eKvAmFlsNtZNv0VArbYMFX2y+wXaWEaHohdg==",
      "requires": {
        "commander": "2.6.0"
      }
    }
  }
}
